// !$*UTF8*$!
{
	archiveVersion = 1;
	classes = {
	};
	objectVersion = 56;
	objects = {

/* Begin PBXBuildFile section */
		1F0CE07B2C4D635A00298A99 /* CollectionViewCellAnimation.swift in Sources */ = {isa = PBXBuildFile; fileRef = 1F0CE07A2C4D635A00298A99 /* CollectionViewCellAnimation.swift */; };
		1F0CE07D2C4D737300298A99 /* CloudWeatherAnimations.swift in Sources */ = {isa = PBXBuildFile; fileRef = 1F0CE07C2C4D737300298A99 /* CloudWeatherAnimations.swift */; };
		1F560FF42C4ED8130039919B /* SunCloudFogAnimations.swift in Sources */ = {isa = PBXBuildFile; fileRef = 1F560FF32C4ED8130039919B /* SunCloudFogAnimations.swift */; };
		1FA4E96A2C47DF2900686FD6 /* AppDelegate.swift in Sources */ = {isa = PBXBuildFile; fileRef = 1FA4E9692C47DF2900686FD6 /* AppDelegate.swift */; };
		1FA4E96C2C47DF2900686FD6 /* SceneDelegate.swift in Sources */ = {isa = PBXBuildFile; fileRef = 1FA4E96B2C47DF2900686FD6 /* SceneDelegate.swift */; };
		1FA4E96E2C47DF2900686FD6 /* ViewController.swift in Sources */ = {isa = PBXBuildFile; fileRef = 1FA4E96D2C47DF2900686FD6 /* ViewController.swift */; };
		1FA4E9712C47DF2900686FD6 /* Base in Resources */ = {isa = PBXBuildFile; fileRef = 1FA4E9702C47DF2900686FD6 /* Base */; };
		1FA4E9742C47DF2900686FD6 /* WeatherAppVK.xcdatamodeld in Sources */ = {isa = PBXBuildFile; fileRef = 1FA4E9722C47DF2900686FD6 /* WeatherAppVK.xcdatamodeld */; };
		1FA4E9762C47DF2B00686FD6 /* Assets.xcassets in Resources */ = {isa = PBXBuildFile; fileRef = 1FA4E9752C47DF2B00686FD6 /* Assets.xcassets */; };
		1FA4E9792C47DF2B00686FD6 /* Base in Resources */ = {isa = PBXBuildFile; fileRef = 1FA4E9782C47DF2B00686FD6 /* Base */; };
		1FA4E9812C47E08B00686FD6 /* RainParticleView.swift in Sources */ = {isa = PBXBuildFile; fileRef = 1FA4E9802C47E08B00686FD6 /* RainParticleView.swift */; };
		1FA4E9832C480F5600686FD6 /* SnowParticleView.swift in Sources */ = {isa = PBXBuildFile; fileRef = 1FA4E9822C480F5600686FD6 /* SnowParticleView.swift */; };
		1FA4E9852C482BEF00686FD6 /* SunsetSunriseView.swift in Sources */ = {isa = PBXBuildFile; fileRef = 1FA4E9842C482BEF00686FD6 /* SunsetSunriseView.swift */; };
		1FA4E9872C48651A00686FD6 /* TableViewCell.swift in Sources */ = {isa = PBXBuildFile; fileRef = 1FA4E9862C48651A00686FD6 /* TableViewCell.swift */; };
		1FA4E9892C491DD800686FD6 /* StormView.swift in Sources */ = {isa = PBXBuildFile; fileRef = 1FA4E9882C491DD800686FD6 /* StormView.swift */; };
		1FA4E98B2C4946AA00686FD6 /* CloudView.swift in Sources */ = {isa = PBXBuildFile; fileRef = 1FA4E98A2C4946A900686FD6 /* CloudView.swift */; };
		1FA4E98D2C4953C300686FD6 /* Functions.swift in Sources */ = {isa = PBXBuildFile; fileRef = 1FA4E98C2C4953C300686FD6 /* Functions.swift */; };
		1FF6C9962C4D8F29001D6819 /* GradientBackgroundAnimation.swift in Sources */ = {isa = PBXBuildFile; fileRef = 1FF6C9952C4D8F29001D6819 /* GradientBackgroundAnimation.swift */; };
		1FF6C9982C4D91D4001D6819 /* BackgroundGradientColors.swift in Sources */ = {isa = PBXBuildFile; fileRef = 1FF6C9972C4D91D4001D6819 /* BackgroundGradientColors.swift */; };
		1FF6C99D2C4E6674001D6819 /* Localizable.strings in Resources */ = {isa = PBXBuildFile; fileRef = 1FF6C99B2C4E6674001D6819 /* Localizable.strings */; };
		1FF6C9A32C4E6769001D6819 /* StringExtension.swift in Sources */ = {isa = PBXBuildFile; fileRef = 1FF6C9A22C4E6769001D6819 /* StringExtension.swift */; };
		1FF6C9A82C4E6A67001D6819 /* Constants.swift in Sources */ = {isa = PBXBuildFile; fileRef = 1FF6C9A72C4E6A67001D6819 /* Constants.swift */; };
		1FF6C9AC2C4EACE4001D6819 /* SetupEmitterCells.swift in Sources */ = {isa = PBXBuildFile; fileRef = 1FF6C9AB2C4EACE4001D6819 /* SetupEmitterCells.swift */; };
		1FF6C9B32C4EC401001D6819 /* FogView.swift in Sources */ = {isa = PBXBuildFile; fileRef = 1FF6C9B22C4EC401001D6819 /* FogView.swift */; };
/* End PBXBuildFile section */

/* Begin PBXFileReference section */
		1F0CE07A2C4D635A00298A99 /* CollectionViewCellAnimation.swift */ = {isa = PBXFileReference; lastKnownFileType = sourcecode.swift; path = CollectionViewCellAnimation.swift; sourceTree = "<group>"; };
		1F0CE07C2C4D737300298A99 /* CloudWeatherAnimations.swift */ = {isa = PBXFileReference; lastKnownFileType = sourcecode.swift; path = CloudWeatherAnimations.swift; sourceTree = "<group>"; };
		1F560FF32C4ED8130039919B /* SunCloudFogAnimations.swift */ = {isa = PBXFileReference; lastKnownFileType = sourcecode.swift; path = SunCloudFogAnimations.swift; sourceTree = "<group>"; };
		1FA4E9662C47DF2900686FD6 /* WeatherAppVK.app */ = {isa = PBXFileReference; explicitFileType = wrapper.application; includeInIndex = 0; path = WeatherAppVK.app; sourceTree = BUILT_PRODUCTS_DIR; };
		1FA4E9692C47DF2900686FD6 /* AppDelegate.swift */ = {isa = PBXFileReference; lastKnownFileType = sourcecode.swift; path = AppDelegate.swift; sourceTree = "<group>"; };
		1FA4E96B2C47DF2900686FD6 /* SceneDelegate.swift */ = {isa = PBXFileReference; lastKnownFileType = sourcecode.swift; path = SceneDelegate.swift; sourceTree = "<group>"; };
		1FA4E96D2C47DF2900686FD6 /* ViewController.swift */ = {isa = PBXFileReference; lastKnownFileType = sourcecode.swift; path = ViewController.swift; sourceTree = "<group>"; };
		1FA4E9702C47DF2900686FD6 /* Base */ = {isa = PBXFileReference; lastKnownFileType = file.storyboard; name = Base; path = Base.lproj/Main.storyboard; sourceTree = "<group>"; };
		1FA4E9732C47DF2900686FD6 /* WeatherAppVK.xcdatamodel */ = {isa = PBXFileReference; lastKnownFileType = wrapper.xcdatamodel; path = WeatherAppVK.xcdatamodel; sourceTree = "<group>"; };
		1FA4E9752C47DF2B00686FD6 /* Assets.xcassets */ = {isa = PBXFileReference; lastKnownFileType = folder.assetcatalog; path = Assets.xcassets; sourceTree = "<group>"; };
		1FA4E9782C47DF2B00686FD6 /* Base */ = {isa = PBXFileReference; lastKnownFileType = file.storyboard; name = Base; path = Base.lproj/LaunchScreen.storyboard; sourceTree = "<group>"; };
		1FA4E97A2C47DF2B00686FD6 /* Info.plist */ = {isa = PBXFileReference; lastKnownFileType = text.plist.xml; path = Info.plist; sourceTree = "<group>"; };
		1FA4E9802C47E08B00686FD6 /* RainParticleView.swift */ = {isa = PBXFileReference; lastKnownFileType = sourcecode.swift; path = RainParticleView.swift; sourceTree = "<group>"; };
		1FA4E9822C480F5600686FD6 /* SnowParticleView.swift */ = {isa = PBXFileReference; lastKnownFileType = sourcecode.swift; path = SnowParticleView.swift; sourceTree = "<group>"; };
		1FA4E9842C482BEF00686FD6 /* SunsetSunriseView.swift */ = {isa = PBXFileReference; lastKnownFileType = sourcecode.swift; path = SunsetSunriseView.swift; sourceTree = "<group>"; };
		1FA4E9862C48651A00686FD6 /* TableViewCell.swift */ = {isa = PBXFileReference; lastKnownFileType = sourcecode.swift; path = TableViewCell.swift; sourceTree = "<group>"; };
		1FA4E9882C491DD800686FD6 /* StormView.swift */ = {isa = PBXFileReference; lastKnownFileType = sourcecode.swift; path = StormView.swift; sourceTree = "<group>"; };
		1FA4E98A2C4946A900686FD6 /* CloudView.swift */ = {isa = PBXFileReference; lastKnownFileType = sourcecode.swift; path = CloudView.swift; sourceTree = "<group>"; };
		1FA4E98C2C4953C300686FD6 /* Functions.swift */ = {isa = PBXFileReference; lastKnownFileType = sourcecode.swift; path = Functions.swift; sourceTree = "<group>"; };
		1FF6C9952C4D8F29001D6819 /* GradientBackgroundAnimation.swift */ = {isa = PBXFileReference; lastKnownFileType = sourcecode.swift; path = GradientBackgroundAnimation.swift; sourceTree = "<group>"; };
		1FF6C9972C4D91D4001D6819 /* BackgroundGradientColors.swift */ = {isa = PBXFileReference; lastKnownFileType = sourcecode.swift; path = BackgroundGradientColors.swift; sourceTree = "<group>"; };
		1FF6C9992C4E664E001D6819 /* ru */ = {isa = PBXFileReference; lastKnownFileType = text.plist.strings; name = ru; path = ru.lproj/Main.strings; sourceTree = "<group>"; };
		1FF6C99A2C4E664E001D6819 /* ru */ = {isa = PBXFileReference; lastKnownFileType = text.plist.strings; name = ru; path = ru.lproj/LaunchScreen.strings; sourceTree = "<group>"; };
		1FF6C99C2C4E6674001D6819 /* en */ = {isa = PBXFileReference; lastKnownFileType = text.plist.strings; name = en; path = en.lproj/Localizable.strings; sourceTree = "<group>"; };
		1FF6C99E2C4E667C001D6819 /* ru */ = {isa = PBXFileReference; lastKnownFileType = text.plist.strings; name = ru; path = ru.lproj/Localizable.strings; sourceTree = "<group>"; };
		1FF6C9A22C4E6769001D6819 /* StringExtension.swift */ = {isa = PBXFileReference; lastKnownFileType = sourcecode.swift; path = StringExtension.swift; sourceTree = "<group>"; };
		1FF6C9A72C4E6A67001D6819 /* Constants.swift */ = {isa = PBXFileReference; lastKnownFileType = sourcecode.swift; path = Constants.swift; sourceTree = "<group>"; };
		1FF6C9AB2C4EACE4001D6819 /* SetupEmitterCells.swift */ = {isa = PBXFileReference; lastKnownFileType = sourcecode.swift; path = SetupEmitterCells.swift; sourceTree = "<group>"; };
		1FF6C9B22C4EC401001D6819 /* FogView.swift */ = {isa = PBXFileReference; lastKnownFileType = sourcecode.swift; path = FogView.swift; sourceTree = "<group>"; };
/* End PBXFileReference section */

/* Begin PBXFrameworksBuildPhase section */
		1FA4E9632C47DF2900686FD6 /* Frameworks */ = {
			isa = PBXFrameworksBuildPhase;
			buildActionMask = 2147483647;
			files = (
			);
			runOnlyForDeploymentPostprocessing = 0;
		};
/* End PBXFrameworksBuildPhase section */

/* Begin PBXGroup section */
		1FA4E95D2C47DF2900686FD6 = {
			isa = PBXGroup;
			children = (
				1FA4E9682C47DF2900686FD6 /* WeatherAppVK */,
				1FA4E9672C47DF2900686FD6 /* Products */,
			);
			sourceTree = "<group>";
		};
		1FA4E9672C47DF2900686FD6 /* Products */ = {
			isa = PBXGroup;
			children = (
				1FA4E9662C47DF2900686FD6 /* WeatherAppVK.app */,
			);
			name = Products;
			sourceTree = "<group>";
		};
		1FA4E9682C47DF2900686FD6 /* WeatherAppVK */ = {
			isa = PBXGroup;
			children = (
				1FF6C9A42C4E6A11001D6819 /* Model */,
				1FF6C9A52C4E6A20001D6819 /* View */,
				1FF6C9A62C4E6A2A001D6819 /* Controller */,
				1FA4E9692C47DF2900686FD6 /* AppDelegate.swift */,
				1FA4E96B2C47DF2900686FD6 /* SceneDelegate.swift */,
				1FA4E96F2C47DF2900686FD6 /* Main.storyboard */,
				1FA4E9752C47DF2B00686FD6 /* Assets.xcassets */,
				1FA4E9772C47DF2B00686FD6 /* LaunchScreen.storyboard */,
				1FA4E97A2C47DF2B00686FD6 /* Info.plist */,
				1FA4E9722C47DF2900686FD6 /* WeatherAppVK.xcdatamodeld */,
			);
			path = WeatherAppVK;
			sourceTree = "<group>";
		};
		1FF6C9A42C4E6A11001D6819 /* Model */ = {
			isa = PBXGroup;
			children = (
				1FA4E98C2C4953C300686FD6 /* Functions.swift */,
				1FF6C9A72C4E6A67001D6819 /* Constants.swift */,
				1FF6C9972C4D91D4001D6819 /* BackgroundGradientColors.swift */,
				1FF6C99B2C4E6674001D6819 /* Localizable.strings */,
				1FF6C9B12C4EBF39001D6819 /* Extensions */,
				1FF6C9AF2C4EBEE8001D6819 /* Animations */,
			);
			path = Model;
			sourceTree = "<group>";
		};
		1FF6C9A52C4E6A20001D6819 /* View */ = {
			isa = PBXGroup;
			children = (
				1FA4E9802C47E08B00686FD6 /* RainParticleView.swift */,
				1FA4E9842C482BEF00686FD6 /* SunsetSunriseView.swift */,
				1FA4E9822C480F5600686FD6 /* SnowParticleView.swift */,
				1FA4E9882C491DD800686FD6 /* StormView.swift */,
				1FA4E98A2C4946A900686FD6 /* CloudView.swift */,
				1FA4E9862C48651A00686FD6 /* TableViewCell.swift */,
				1FF6C9B22C4EC401001D6819 /* FogView.swift */,
			);
			path = View;
			sourceTree = "<group>";
		};
		1FF6C9A62C4E6A2A001D6819 /* Controller */ = {
			isa = PBXGroup;
			children = (
				1FA4E96D2C47DF2900686FD6 /* ViewController.swift */,
			);
			path = Controller;
			sourceTree = "<group>";
		};
		1FF6C9AF2C4EBEE8001D6819 /* Animations */ = {
			isa = PBXGroup;
			children = (
				1FF6C9952C4D8F29001D6819 /* GradientBackgroundAnimation.swift */,
				1F0CE07A2C4D635A00298A99 /* CollectionViewCellAnimation.swift */,
				1F0CE07C2C4D737300298A99 /* CloudWeatherAnimations.swift */,
				1F560FF32C4ED8130039919B /* SunCloudFogAnimations.swift */,
			);
			path = Animations;
			sourceTree = "<group>";
		};
		1FF6C9B12C4EBF39001D6819 /* Extensions */ = {
			isa = PBXGroup;
			children = (
				1FF6C9AB2C4EACE4001D6819 /* SetupEmitterCells.swift */,
				1FF6C9A22C4E6769001D6819 /* StringExtension.swift */,
			);
			path = Extensions;
			sourceTree = "<group>";
		};
/* End PBXGroup section */

/* Begin PBXNativeTarget section */
		1FA4E9652C47DF2900686FD6 /* WeatherAppVK */ = {
			isa = PBXNativeTarget;
			buildConfigurationList = 1FA4E97D2C47DF2B00686FD6 /* Build configuration list for PBXNativeTarget "WeatherAppVK" */;
			buildPhases = (
				1FA4E9622C47DF2900686FD6 /* Sources */,
				1FA4E9632C47DF2900686FD6 /* Frameworks */,
				1FA4E9642C47DF2900686FD6 /* Resources */,
			);
			buildRules = (
			);
			dependencies = (
			);
			name = WeatherAppVK;
			productName = WeatherAppVK;
			productReference = 1FA4E9662C47DF2900686FD6 /* WeatherAppVK.app */;
			productType = "com.apple.product-type.application";
		};
/* End PBXNativeTarget section */

/* Begin PBXProject section */
		1FA4E95E2C47DF2900686FD6 /* Project object */ = {
			isa = PBXProject;
			attributes = {
				BuildIndependentTargetsInParallel = 1;
				LastSwiftUpdateCheck = 1540;
				LastUpgradeCheck = 1540;
				TargetAttributes = {
					1FA4E9652C47DF2900686FD6 = {
						CreatedOnToolsVersion = 15.4;
					};
				};
			};
			buildConfigurationList = 1FA4E9612C47DF2900686FD6 /* Build configuration list for PBXProject "WeatherAppVK" */;
			compatibilityVersion = "Xcode 14.0";
			developmentRegion = en;
			hasScannedForEncodings = 0;
			knownRegions = (
				en,
				Base,
				ru,
			);
			mainGroup = 1FA4E95D2C47DF2900686FD6;
			productRefGroup = 1FA4E9672C47DF2900686FD6 /* Products */;
			projectDirPath = "";
			projectRoot = "";
			targets = (
				1FA4E9652C47DF2900686FD6 /* WeatherAppVK */,
			);
		};
/* End PBXProject section */

/* Begin PBXResourcesBuildPhase section */
		1FA4E9642C47DF2900686FD6 /* Resources */ = {
			isa = PBXResourcesBuildPhase;
			buildActionMask = 2147483647;
			files = (
				1FA4E9762C47DF2B00686FD6 /* Assets.xcassets in Resources */,
				1FF6C99D2C4E6674001D6819 /* Localizable.strings in Resources */,
				1FA4E9792C47DF2B00686FD6 /* Base in Resources */,
				1FA4E9712C47DF2900686FD6 /* Base in Resources */,
			);
			runOnlyForDeploymentPostprocessing = 0;
		};
/* End PBXResourcesBuildPhase section */

/* Begin PBXSourcesBuildPhase section */
		1FA4E9622C47DF2900686FD6 /* Sources */ = {
			isa = PBXSourcesBuildPhase;
			buildActionMask = 2147483647;
			files = (
				1FA4E98D2C4953C300686FD6 /* Functions.swift in Sources */,
				1FF6C9A82C4E6A67001D6819 /* Constants.swift in Sources */,
				1FF6C9A32C4E6769001D6819 /* StringExtension.swift in Sources */,
				1FF6C9962C4D8F29001D6819 /* GradientBackgroundAnimation.swift in Sources */,
				1F0CE07D2C4D737300298A99 /* CloudWeatherAnimations.swift in Sources */,
				1FA4E9852C482BEF00686FD6 /* SunsetSunriseView.swift in Sources */,
				1FA4E9872C48651A00686FD6 /* TableViewCell.swift in Sources */,
				1FA4E9892C491DD800686FD6 /* StormView.swift in Sources */,
				1FA4E96E2C47DF2900686FD6 /* ViewController.swift in Sources */,
				1F0CE07B2C4D635A00298A99 /* CollectionViewCellAnimation.swift in Sources */,
				1F560FF42C4ED8130039919B /* SunCloudFogAnimations.swift in Sources */,
				1FA4E96A2C47DF2900686FD6 /* AppDelegate.swift in Sources */,
				1FF6C9982C4D91D4001D6819 /* BackgroundGradientColors.swift in Sources */,
				1FA4E96C2C47DF2900686FD6 /* SceneDelegate.swift in Sources */,
				1FA4E9742C47DF2900686FD6 /* WeatherAppVK.xcdatamodeld in Sources */,
				1FA4E9812C47E08B00686FD6 /* RainParticleView.swift in Sources */,
				1FA4E98B2C4946AA00686FD6 /* CloudView.swift in Sources */,
				1FF6C9AC2C4EACE4001D6819 /* SetupEmitterCells.swift in Sources */,
				1FA4E9832C480F5600686FD6 /* SnowParticleView.swift in Sources */,
				1FF6C9B32C4EC401001D6819 /* FogView.swift in Sources */,
			);
			runOnlyForDeploymentPostprocessing = 0;
		};
/* End PBXSourcesBuildPhase section */

/* Begin PBXVariantGroup section */
		1FA4E96F2C47DF2900686FD6 /* Main.storyboard */ = {
			isa = PBXVariantGroup;
			children = (
				1FA4E9702C47DF2900686FD6 /* Base */,
				1FF6C9992C4E664E001D6819 /* ru */,
			);
			name = Main.storyboard;
			sourceTree = "<group>";
		};
		1FA4E9772C47DF2B00686FD6 /* LaunchScreen.storyboard */ = {
			isa = PBXVariantGroup;
			children = (
				1FA4E9782C47DF2B00686FD6 /* Base */,
				1FF6C99A2C4E664E001D6819 /* ru */,
			);
			name = LaunchScreen.storyboard;
			sourceTree = "<group>";
		};
		1FF6C99B2C4E6674001D6819 /* Localizable.strings */ = {
			isa = PBXVariantGroup;
			children = (
				1FF6C99C2C4E6674001D6819 /* en */,
				1FF6C99E2C4E667C001D6819 /* ru */,
			);
			name = Localizable.strings;
			sourceTree = "<group>";
		};
/* End PBXVariantGroup section */

/* Begin XCBuildConfiguration section */
		1FA4E97B2C47DF2B00686FD6 /* Debug */ = {
			isa = XCBuildConfiguration;
			buildSettings = {
				ALWAYS_SEARCH_USER_PATHS = NO;
				ASSETCATALOG_COMPILER_GENERATE_SWIFT_ASSET_SYMBOL_EXTENSIONS = YES;
				CLANG_ANALYZER_LOCALIZABILITY_NONLOCALIZED = YES;
				CLANG_ANALYZER_NONNULL = YES;
				CLANG_ANALYZER_NUMBER_OBJECT_CONVERSION = YES_AGGRESSIVE;
				CLANG_CXX_LANGUAGE_STANDARD = "gnu++20";
				CLANG_ENABLE_MODULES = YES;
				CLANG_ENABLE_OBJC_ARC = YES;
				CLANG_ENABLE_OBJC_WEAK = YES;
				CLANG_WARN_BLOCK_CAPTURE_AUTORELEASING = YES;
				CLANG_WARN_BOOL_CONVERSION = YES;
				CLANG_WARN_COMMA = YES;
				CLANG_WARN_CONSTANT_CONVERSION = YES;
				CLANG_WARN_DEPRECATED_OBJC_IMPLEMENTATIONS = YES;
				CLANG_WARN_DIRECT_OBJC_ISA_USAGE = YES_ERROR;
				CLANG_WARN_DOCUMENTATION_COMMENTS = YES;
				CLANG_WARN_EMPTY_BODY = YES;
				CLANG_WARN_ENUM_CONVERSION = YES;
				CLANG_WARN_INFINITE_RECURSION = YES;
				CLANG_WARN_INT_CONVERSION = YES;
				CLANG_WARN_NON_LITERAL_NULL_CONVERSION = YES;
				CLANG_WARN_OBJC_IMPLICIT_RETAIN_SELF = YES;
				CLANG_WARN_OBJC_LITERAL_CONVERSION = YES;
				CLANG_WARN_OBJC_ROOT_CLASS = YES_ERROR;
				CLANG_WARN_QUOTED_INCLUDE_IN_FRAMEWORK_HEADER = YES;
				CLANG_WARN_RANGE_LOOP_ANALYSIS = YES;
				CLANG_WARN_STRICT_PROTOTYPES = YES;
				CLANG_WARN_SUSPICIOUS_MOVE = YES;
				CLANG_WARN_UNGUARDED_AVAILABILITY = YES_AGGRESSIVE;
				CLANG_WARN_UNREACHABLE_CODE = YES;
				CLANG_WARN__DUPLICATE_METHOD_MATCH = YES;
				COPY_PHASE_STRIP = NO;
				DEBUG_INFORMATION_FORMAT = dwarf;
				ENABLE_STRICT_OBJC_MSGSEND = YES;
				ENABLE_TESTABILITY = YES;
				ENABLE_USER_SCRIPT_SANDBOXING = YES;
				GCC_C_LANGUAGE_STANDARD = gnu17;
				GCC_DYNAMIC_NO_PIC = NO;
				GCC_NO_COMMON_BLOCKS = YES;
				GCC_OPTIMIZATION_LEVEL = 0;
				GCC_PREPROCESSOR_DEFINITIONS = (
					"DEBUG=1",
					"$(inherited)",
				);
				GCC_WARN_64_TO_32_BIT_CONVERSION = YES;
				GCC_WARN_ABOUT_RETURN_TYPE = YES_ERROR;
				GCC_WARN_UNDECLARED_SELECTOR = YES;
				GCC_WARN_UNINITIALIZED_AUTOS = YES_AGGRESSIVE;
				GCC_WARN_UNUSED_FUNCTION = YES;
				GCC_WARN_UNUSED_VARIABLE = YES;
				IPHONEOS_DEPLOYMENT_TARGET = 17.5;
				LOCALIZATION_PREFERS_STRING_CATALOGS = YES;
				MTL_ENABLE_DEBUG_INFO = INCLUDE_SOURCE;
				MTL_FAST_MATH = YES;
				ONLY_ACTIVE_ARCH = YES;
				SDKROOT = iphoneos;
				SWIFT_ACTIVE_COMPILATION_CONDITIONS = "DEBUG $(inherited)";
				SWIFT_OPTIMIZATION_LEVEL = "-Onone";
			};
			name = Debug;
		};
		1FA4E97C2C47DF2B00686FD6 /* Release */ = {
			isa = XCBuildConfiguration;
			buildSettings = {
				ALWAYS_SEARCH_USER_PATHS = NO;
				ASSETCATALOG_COMPILER_GENERATE_SWIFT_ASSET_SYMBOL_EXTENSIONS = YES;
				CLANG_ANALYZER_LOCALIZABILITY_NONLOCALIZED = YES;
				CLANG_ANALYZER_NONNULL = YES;
				CLANG_ANALYZER_NUMBER_OBJECT_CONVERSION = YES_AGGRESSIVE;
				CLANG_CXX_LANGUAGE_STANDARD = "gnu++20";
				CLANG_ENABLE_MODULES = YES;
				CLANG_ENABLE_OBJC_ARC = YES;
				CLANG_ENABLE_OBJC_WEAK = YES;
				CLANG_WARN_BLOCK_CAPTURE_AUTORELEASING = YES;
				CLANG_WARN_BOOL_CONVERSION = YES;
				CLANG_WARN_COMMA = YES;
				CLANG_WARN_CONSTANT_CONVERSION = YES;
				CLANG_WARN_DEPRECATED_OBJC_IMPLEMENTATIONS = YES;
				CLANG_WARN_DIRECT_OBJC_ISA_USAGE = YES_ERROR;
				CLANG_WARN_DOCUMENTATION_COMMENTS = YES;
				CLANG_WARN_EMPTY_BODY = YES;
				CLANG_WARN_ENUM_CONVERSION = YES;
				CLANG_WARN_INFINITE_RECURSION = YES;
				CLANG_WARN_INT_CONVERSION = YES;
				CLANG_WARN_NON_LITERAL_NULL_CONVERSION = YES;
				CLANG_WARN_OBJC_IMPLICIT_RETAIN_SELF = YES;
				CLANG_WARN_OBJC_LITERAL_CONVERSION = YES;
				CLANG_WARN_OBJC_ROOT_CLASS = YES_ERROR;
				CLANG_WARN_QUOTED_INCLUDE_IN_FRAMEWORK_HEADER = YES;
				CLANG_WARN_RANGE_LOOP_ANALYSIS = YES;
				CLANG_WARN_STRICT_PROTOTYPES = YES;
				CLANG_WARN_SUSPICIOUS_MOVE = YES;
				CLANG_WARN_UNGUARDED_AVAILABILITY = YES_AGGRESSIVE;
				CLANG_WARN_UNREACHABLE_CODE = YES;
				CLANG_WARN__DUPLICATE_METHOD_MATCH = YES;
				COPY_PHASE_STRIP = NO;
				DEBUG_INFORMATION_FORMAT = "dwarf-with-dsym";
				ENABLE_NS_ASSERTIONS = NO;
				ENABLE_STRICT_OBJC_MSGSEND = YES;
				ENABLE_USER_SCRIPT_SANDBOXING = YES;
				GCC_C_LANGUAGE_STANDARD = gnu17;
				GCC_NO_COMMON_BLOCKS = YES;
				GCC_WARN_64_TO_32_BIT_CONVERSION = YES;
				GCC_WARN_ABOUT_RETURN_TYPE = YES_ERROR;
				GCC_WARN_UNDECLARED_SELECTOR = YES;
				GCC_WARN_UNINITIALIZED_AUTOS = YES_AGGRESSIVE;
				GCC_WARN_UNUSED_FUNCTION = YES;
				GCC_WARN_UNUSED_VARIABLE = YES;
				IPHONEOS_DEPLOYMENT_TARGET = 17.5;
				LOCALIZATION_PREFERS_STRING_CATALOGS = YES;
				MTL_ENABLE_DEBUG_INFO = NO;
				MTL_FAST_MATH = YES;
				SDKROOT = iphoneos;
				SWIFT_COMPILATION_MODE = wholemodule;
				VALIDATE_PRODUCT = YES;
			};
			name = Release;
		};
		1FA4E97E2C47DF2B00686FD6 /* Debug */ = {
			isa = XCBuildConfiguration;
			buildSettings = {
				ASSETCATALOG_COMPILER_APPICON_NAME = AppIcon;
				ASSETCATALOG_COMPILER_GLOBAL_ACCENT_COLOR_NAME = AccentColor;
				CODE_SIGN_STYLE = Automatic;
				CURRENT_PROJECT_VERSION = 1;
				DEVELOPMENT_TEAM = 7C4TL7G88R;
				GENERATE_INFOPLIST_FILE = YES;
				INFOPLIST_FILE = WeatherAppVK/Info.plist;
				INFOPLIST_KEY_UIApplicationSupportsIndirectInputEvents = YES;
				INFOPLIST_KEY_UILaunchStoryboardName = LaunchScreen;
				INFOPLIST_KEY_UIMainStoryboardFile = Main;
				INFOPLIST_KEY_UISupportedInterfaceOrientations_iPad = "UIInterfaceOrientationPortrait UIInterfaceOrientationPortraitUpsideDown UIInterfaceOrientationLandscapeLeft UIInterfaceOrientationLandscapeRight";
				INFOPLIST_KEY_UISupportedInterfaceOrientations_iPhone = "UIInterfaceOrientationPortrait UIInterfaceOrientationLandscapeLeft UIInterfaceOrientationLandscapeRight";
				LD_RUNPATH_SEARCH_PATHS = (
					"$(inherited)",
					"@executable_path/Frameworks",
				);
				MARKETING_VERSION = 1.0;
				PRODUCT_BUNDLE_IDENTIFIER = TryHarder.WeatherAppVK;
				PRODUCT_NAME = "$(TARGET_NAME)";
				SWIFT_EMIT_LOC_STRINGS = YES;
				SWIFT_VERSION = 5.0;
				TARGETED_DEVICE_FAMILY = "1,2";
			};
			name = Debug;
		};
		1FA4E97F2C47DF2B00686FD6 /* Release */ = {
			isa = XCBuildConfiguration;
			buildSettings = {
				ASSETCATALOG_COMPILER_APPICON_NAME = AppIcon;
				ASSETCATALOG_COMPILER_GLOBAL_ACCENT_COLOR_NAME = AccentColor;
				CODE_SIGN_STYLE = Automatic;
				CURRENT_PROJECT_VERSION = 1;
				DEVELOPMENT_TEAM = 7C4TL7G88R;
				GENERATE_INFOPLIST_FILE = YES;
				INFOPLIST_FILE = WeatherAppVK/Info.plist;
				INFOPLIST_KEY_UIApplicationSupportsIndirectInputEvents = YES;
				INFOPLIST_KEY_UILaunchStoryboardName = LaunchScreen;
				INFOPLIST_KEY_UIMainStoryboardFile = Main;
				INFOPLIST_KEY_UISupportedInterfaceOrientations_iPad = "UIInterfaceOrientationPortrait UIInterfaceOrientationPortraitUpsideDown UIInterfaceOrientationLandscapeLeft UIInterfaceOrientationLandscapeRight";
				INFOPLIST_KEY_UISupportedInterfaceOrientations_iPhone = "UIInterfaceOrientationPortrait UIInterfaceOrientationLandscapeLeft UIInterfaceOrientationLandscapeRight";
				LD_RUNPATH_SEARCH_PATHS = (
					"$(inherited)",
					"@executable_path/Frameworks",
				);
				MARKETING_VERSION = 1.0;
				PRODUCT_BUNDLE_IDENTIFIER = TryHarder.WeatherAppVK;
				PRODUCT_NAME = "$(TARGET_NAME)";
				SWIFT_EMIT_LOC_STRINGS = YES;
				SWIFT_VERSION = 5.0;
				TARGETED_DEVICE_FAMILY = "1,2";
			};
			name = Release;
		};
/* End XCBuildConfiguration section */

/* Begin XCConfigurationList section */
		1FA4E9612C47DF2900686FD6 /* Build configuration list for PBXProject "WeatherAppVK" */ = {
			isa = XCConfigurationList;
			buildConfigurations = (
				1FA4E97B2C47DF2B00686FD6 /* Debug */,
				1FA4E97C2C47DF2B00686FD6 /* Release */,
			);
			defaultConfigurationIsVisible = 0;
			defaultConfigurationName = Release;
		};
		1FA4E97D2C47DF2B00686FD6 /* Build configuration list for PBXNativeTarget "WeatherAppVK" */ = {
			isa = XCConfigurationList;
			buildConfigurations = (
				1FA4E97E2C47DF2B00686FD6 /* Debug */,
				1FA4E97F2C47DF2B00686FD6 /* Release */,
			);
			defaultConfigurationIsVisible = 0;
			defaultConfigurationName = Release;
		};
/* End XCConfigurationList section */

/* Begin XCVersionGroup section */
		1FA4E9722C47DF2900686FD6 /* WeatherAppVK.xcdatamodeld */ = {
			isa = XCVersionGroup;
			children = (
				1FA4E9732C47DF2900686FD6 /* WeatherAppVK.xcdatamodel */,
			);
			currentVersion = 1FA4E9732C47DF2900686FD6 /* WeatherAppVK.xcdatamodel */;
			path = WeatherAppVK.xcdatamodeld;
			sourceTree = "<group>";
			versionGroupType = wrapper.xcdatamodel;
		};
/* End XCVersionGroup section */
	};
	rootObject = 1FA4E95E2C47DF2900686FD6 /* Project object */;
}
